
Microsoft Visual Studio Solution File, Format Version 12.00
# Visual Studio 15
VisualStudioVersion = 15.0.27130.0
MinimumVisualStudioVersion = 10.0.40219.1
Project("{FAE04EC0-301F-11D3-BF4B-00C04F79EFBC}") = "Hexx", "Hexx\Hexx.csproj", "{FD7EDF74-CFAB-4F87-8795-11FCC9333FD2}"
EndProject
Project("{FAE04EC0-301F-11D3-BF4B-00C04F79EFBC}") = "Hexx.DTO", "Hexx.DTO\Hexx.DTO.csproj", "{8FB8E33C-6F99-41DF-90D1-681301B3DA07}"
EndProject
Project("{9A19103F-16F7-4668-BE54-9A1E7A4F7556}") = "CSSDL", "CSSDL\CSSDL.csproj", "{D5430A04-1BF5-4BC2-8114-B9AFA18AC2E3}"
EndProject
Project("{9A19103F-16F7-4668-BE54-9A1E7A4F7556}") = "Hexx.Types", "Hexx.Types\Hexx.Types.csproj", "{36054B52-175D-415A-850B-BE23D784A0FC}"
EndProject
Project("{9A19103F-16F7-4668-BE54-9A1E7A4F7556}") = "Hexx.Server", "Hexx.Server\Hexx.Server.csproj", "{9053DA27-73B7-421D-8B54-5F9598DD4B03}"
EndProject
Global
	GlobalSection(SolutionConfigurationPlatforms) = preSolution
		Debug|Any CPU = Debug|Any CPU
		Debug|x64 = Debug|x64
		Debug|x86 = Debug|x86
		Release|Any CPU = Release|Any CPU
		Release|x64 = Release|x64
		Release|x86 = Release|x86
	EndGlobalSection
	GlobalSection(ProjectConfigurationPlatforms) = postSolution
		{FD7EDF74-CFAB-4F87-8795-11FCC9333FD2}.Debug|Any CPU.ActiveCfg = Debug|Any CPU
		{FD7EDF74-CFAB-4F87-8795-11FCC9333FD2}.Debug|Any CPU.Build.0 = Debug|Any CPU
		{FD7EDF74-CFAB-4F87-8795-11FCC9333FD2}.Debug|x64.ActiveCfg = Debug|Any CPU
		{FD7EDF74-CFAB-4F87-8795-11FCC9333FD2}.Debug|x64.Build.0 = Debug|Any CPU
		{FD7EDF74-CFAB-4F87-8795-11FCC9333FD2}.Debug|x86.ActiveCfg = Debug|Any CPU
		{FD7EDF74-CFAB-4F87-8795-11FCC9333FD2}.Debug|x86.Build.0 = Debug|Any CPU
		{FD7EDF74-CFAB-4F87-8795-11FCC9333FD2}.Release|Any CPU.ActiveCfg = Release|Any CPU
		{FD7EDF74-CFAB-4F87-8795-11FCC9333FD2}.Release|Any CPU.Build.0 = Release|Any CPU
		{FD7EDF74-CFAB-4F87-8795-11FCC9333FD2}.Release|x64.ActiveCfg = Release|Any CPU
		{FD7EDF74-CFAB-4F87-8795-11FCC9333FD2}.Release|x64.Build.0 = Release|Any CPU
		{FD7EDF74-CFAB-4F87-8795-11FCC9333FD2}.Release|x86.ActiveCfg = Release|Any CPU
		{FD7EDF74-CFAB-4F87-8795-11FCC9333FD2}.Release|x86.Build.0 = Release|Any CPU
		{8FB8E33C-6F99-41DF-90D1-681301B3DA07}.Debug|Any CPU.ActiveCfg = Debug|Any CPU
		{8FB8E33C-6F99-41DF-90D1-681301B3DA07}.Debug|Any CPU.Build.0 = Debug|Any CPU
		{8FB8E33C-6F99-41DF-90D1-681301B3DA07}.Debug|x64.ActiveCfg = Debug|Any CPU
		{8FB8E33C-6F99-41DF-90D1-681301B3DA07}.Debug|x64.Build.0 = Debug|Any CPU
		{8FB8E33C-6F99-41DF-90D1-681301B3DA07}.Debug|x86.ActiveCfg = Debug|Any CPU
		{8FB8E33C-6F99-41DF-90D1-681301B3DA07}.Debug|x86.Build.0 = Debug|Any CPU
		{8FB8E33C-6F99-41DF-90D1-681301B3DA07}.Release|Any CPU.ActiveCfg = Release|Any CPU
		{8FB8E33C-6F99-41DF-90D1-681301B3DA07}.Release|Any CPU.Build.0 = Release|Any CPU
		{8FB8E33C-6F99-41DF-90D1-681301B3DA07}.Release|x64.ActiveCfg = Release|Any CPU
		{8FB8E33C-6F99-41DF-90D1-681301B3DA07}.Release|x64.Build.0 = Release|Any CPU
		{8FB8E33C-6F99-41DF-90D1-681301B3DA07}.Release|x86.ActiveCfg = Release|Any CPU
		{8FB8E33C-6F99-41DF-90D1-681301B3DA07}.Release|x86.Build.0 = Release|Any CPU
		{D5430A04-1BF5-4BC2-8114-B9AFA18AC2E3}.Debug|Any CPU.ActiveCfg = Debug|Any CPU
		{D5430A04-1BF5-4BC2-8114-B9AFA18AC2E3}.Debug|Any CPU.Build.0 = Debug|Any CPU
		{D5430A04-1BF5-4BC2-8114-B9AFA18AC2E3}.Debug|x64.ActiveCfg = Debug|Any CPU
		{D5430A04-1BF5-4BC2-8114-B9AFA18AC2E3}.Debug|x64.Build.0 = Debug|Any CPU
		{D5430A04-1BF5-4BC2-8114-B9AFA18AC2E3}.Debug|x86.ActiveCfg = Debug|Any CPU
		{D5430A04-1BF5-4BC2-8114-B9AFA18AC2E3}.Debug|x86.Build.0 = Debug|Any CPU
		{D5430A04-1BF5-4BC2-8114-B9AFA18AC2E3}.Release|Any CPU.ActiveCfg = Release|Any CPU
		{D5430A04-1BF5-4BC2-8114-B9AFA18AC2E3}.Release|Any CPU.Build.0 = Release|Any CPU
		{D5430A04-1BF5-4BC2-8114-B9AFA18AC2E3}.Release|x64.ActiveCfg = Release|Any CPU
		{D5430A04-1BF5-4BC2-8114-B9AFA18AC2E3}.Release|x64.Build.0 = Release|Any CPU
		{D5430A04-1BF5-4BC2-8114-B9AFA18AC2E3}.Release|x86.ActiveCfg = Release|Any CPU
		{D5430A04-1BF5-4BC2-8114-B9AFA18AC2E3}.Release|x86.Build.0 = Release|Any CPU
		{36054B52-175D-415A-850B-BE23D784A0FC}.Debug|Any CPU.ActiveCfg = Debug|Any CPU
		{36054B52-175D-415A-850B-BE23D784A0FC}.Debug|Any CPU.Build.0 = Debug|Any CPU
		{36054B52-175D-415A-850B-BE23D784A0FC}.Debug|x64.ActiveCfg = Debug|Any CPU
		{36054B52-175D-415A-850B-BE23D784A0FC}.Debug|x64.Build.0 = Debug|Any CPU
		{36054B52-175D-415A-850B-BE23D784A0FC}.Debug|x86.ActiveCfg = Debug|Any CPU
		{36054B52-175D-415A-850B-BE23D784A0FC}.Debug|x86.Build.0 = Debug|Any CPU
		{36054B52-175D-415A-850B-BE23D784A0FC}.Release|Any CPU.ActiveCfg = Release|Any CPU
		{36054B52-175D-415A-850B-BE23D784A0FC}.Release|Any CPU.Build.0 = Release|Any CPU
		{36054B52-175D-415A-850B-BE23D784A0FC}.Release|x64.ActiveCfg = Release|Any CPU
		{36054B52-175D-415A-850B-BE23D784A0FC}.Release|x64.Build.0 = Release|Any CPU
		{36054B52-175D-415A-850B-BE23D784A0FC}.Release|x86.ActiveCfg = Release|Any CPU
		{36054B52-175D-415A-850B-BE23D784A0FC}.Release|x86.Build.0 = Release|Any CPU
		{9053DA27-73B7-421D-8B54-5F9598DD4B03}.Debug|Any CPU.ActiveCfg = Debug|Any CPU
		{9053DA27-73B7-421D-8B54-5F9598DD4B03}.Debug|Any CPU.Build.0 = Debug|Any CPU
		{9053DA27-73B7-421D-8B54-5F9598DD4B03}.Debug|x64.ActiveCfg = Debug|Any CPU
		{9053DA27-73B7-421D-8B54-5F9598DD4B03}.Debug|x64.Build.0 = Debug|Any CPU
		{9053DA27-73B7-421D-8B54-5F9598DD4B03}.Debug|x86.ActiveCfg = Debug|Any CPU
		{9053DA27-73B7-421D-8B54-5F9598DD4B03}.Debug|x86.Build.0 = Debug|Any CPU
		{9053DA27-73B7-421D-8B54-5F9598DD4B03}.Release|Any CPU.ActiveCfg = Release|Any CPU
		{9053DA27-73B7-421D-8B54-5F9598DD4B03}.Release|Any CPU.Build.0 = Release|Any CPU
		{9053DA27-73B7-421D-8B54-5F9598DD4B03}.Release|x64.ActiveCfg = Release|Any CPU
		{9053DA27-73B7-421D-8B54-5F9598DD4B03}.Release|x64.Build.0 = Release|Any CPU
		{9053DA27-73B7-421D-8B54-5F9598DD4B03}.Release|x86.ActiveCfg = Release|Any CPU
		{9053DA27-73B7-421D-8B54-5F9598DD4B03}.Release|x86.Build.0 = Release|Any CPU
	EndGlobalSection
	GlobalSection(SolutionProperties) = preSolution
		HideSolutionNode = FALSE
	EndGlobalSection
	GlobalSection(ExtensibilityGlobals) = postSolution
		SolutionGuid = {ACF2FDB8-2779-4928-BDA8-40890F2F45BC}
	EndGlobalSection
EndGlobal
